# This file is automatically @generated by Cargo.
# It is not intended for manual editing.
version = 4

[[package]]
name = "automaton-apprentice"
version = "0.1.0"

[[package]]
name = "automaton-core"
version = "0.1.0"

[[package]]
name = "automaton-memory"
version = "0.1.0"

[[package]]
name = "automaton-policy"
version = "0.1.0"

[[package]]
name = "automaton-proto"
version = "0.1.0"

[[package]]
name = "automaton-tools"
version = "0.1.0"

[[package]]
name = "automatond"
version = "0.1.0"
